{
    "_readme": [
        "This file locks the dependencies of your project to a known state",
        "Read more about it at https://getcomposer.org/doc/01-basic-usage.md#composer-lock-the-lock-file",
        "This file is @generated automatically"
    ],
    "content-hash": "a1a28f5b0b46113340987eaec87aa8ce",
    "packages": [
        {
            "name": "level-2/axel",
            "version": "1.0-RC1",
            "source": {
                "type": "git",
                "url": "https://github.com/Level-2/Axel.git",
                "reference": "32e06b90ea5d17135454945dc4bbfdc0d8446fcc"
            },
            "dist": {
                "type": "zip",
                "url": "https://api.github.com/repos/Level-2/Axel/zipball/32e06b90ea5d17135454945dc4bbfdc0d8446fcc",
                "reference": "32e06b90ea5d17135454945dc4bbfdc0d8446fcc",
                "shasum": ""
            },
            "require": {
                "php": ">=5.4.0"
            },
            "type": "library",
            "autoload": {
                "classmap": [
                    "./"
                ]
            },
            "notification-url": "https://packagist.org/downloads/",
            "license": [
                "BSD-2-Clause"
            ],
            "authors": [
                {
                    "name": "Tom Butler",
                    "email": "tom@r.je"
                }
            ],
            "description": "An autoloader with inbuilt caching",
            "homepage": "https://github.com/Level-2/Transphporm",
            "keywords": [
                "autoloader"
            ],
            "time": "2019-02-19T15:55:39+00:00"
        },
        {
            "name": "level-2/maphper",
            "version": "v0.9.2.2",
            "source": {
                "type": "git",
                "url": "https://github.com/Level-2/Maphper.git",
                "reference": "453afa22848b4163e8236625a2147609792fce98"
            },
            "dist": {
                "type": "zip",
                "url": "https://api.github.com/repos/Level-2/Maphper/zipball/453afa22848b4163e8236625a2147609792fce98",
                "reference": "453afa22848b4163e8236625a2147609792fce98",
                "shasum": ""
            },
            "require": {
                "php": ">=5.4.0"
            },
            "type": "library",
            "autoload": {
                "psr-4": {
                    "Maphper\\": "Maphper"
                }
            },
            "notification-url": "https://packagist.org/downloads/",
            "license": [
                "BSD-2-Clause"
            ],
            "authors": [
                {
                    "name": "Tom Butler",
                    "email": "tom@r.je"
                }
            ],
            "description": "A lightweight ORM using the DataMapper pattern, creates database tables on the fly.",
            "homepage": "https://github.com/Level-2/Maphper",
            "keywords": [
                "Object relational mapper",
                "data mapper",
                "dba",
                "model",
                "orm"
            ],
            "time": "2018-12-12T02:08:07+00:00"
        },
        {
            "name": "level-2/simplecache",
            "version": "dev-master",
            "source": {
                "type": "git",
                "url": "https://github.com/Level-2/SimpleCache.git",
                "reference": "369b19657ef07bf96bdc576aebd371a90f1b6244"
            },
            "dist": {
                "type": "zip",
                "url": "https://api.github.com/repos/Level-2/SimpleCache/zipball/369b19657ef07bf96bdc576aebd371a90f1b6244",
                "reference": "369b19657ef07bf96bdc576aebd371a90f1b6244",
                "shasum": ""
            },
            "require": {
                "php": ">=5.4.0"
            },
            "type": "library",
            "autoload": {
                "classmap": [
                    "./"
                ]
            },
            "notification-url": "https://packagist.org/downloads/",
            "license": [
                "BSD-2-Clause"
            ],
            "authors": [
                {
                    "name": "Tom Butler",
                    "email": "tom@r.je"
                }
            ],
            "description": "A very simple ArrayAccess based file ache",
            "keywords": [
                "cache",
                "file cache"
            ],
            "time": "2018-04-21T16:58:43+00:00"
        },
        {
            "name": "level-2/transphporm",
            "version": "dev-master",
            "source": {
                "type": "git",
                "url": "https://github.com/Level-2/Transphporm.git",
                "reference": "3e9dd6394fc85027ccebe4909dd5978b59b26699"
            },
            "dist": {
                "type": "zip",
                "url": "https://api.github.com/repos/Level-2/Transphporm/zipball/3e9dd6394fc85027ccebe4909dd5978b59b26699",
                "reference": "3e9dd6394fc85027ccebe4909dd5978b59b26699",
                "shasum": ""
            },
            "require": {
                "php": ">=7.0.0"
            },
            "require-dev": {
                "phpunit/phpunit": "^5.7.20"
            },
            "type": "library",
            "autoload": {
                "psr-4": {
                    "Transphporm\\": "src/"
                }
            },
            "notification-url": "https://packagist.org/downloads/",
            "license": [
                "BSD-2-Clause"
            ],
            "authors": [
                {
                    "name": "Tom Butler",
                    "email": "tom@r.je"
                }
            ],
            "description": "A new approach at templating",
            "homepage": "https://github.com/Level-2/Transphporm",
            "keywords": [
                "template system"
            ],
            "time": "2018-11-23T08:10:28+00:00"
        }
    ],
    "packages-dev": [],
    "aliases": [],
    "minimum-stability": "dev",
    "stability-flags": {
        "level-2/transphporm": 20,
        "level-2/simplecache": 20
    },
    "prefer-stable": false,
    "prefer-lowest": false,
    "platform": [],
    "platform-dev": []
}
